
Microsoft Visual Studio Solution File, Format Version 12.00
# Visual Studio Version 17
VisualStudioVersion = 17.13.35913.81 d17.13
MinimumVisualStudioVersion = 10.0.40219.1
Project("{FAE04EC0-301F-11D3-BF4B-00C04F79EFBC}") = "LabSalario", "LabSalario\LabSalario.csproj", "{F4EB4AAB-EDC4-4AE7-9D8E-788A2C5BD55B}"
EndProject
Global
	GlobalSection(SolutionConfigurationPlatforms) = preSolution
		Debug|Any CPU = Debug|Any CPU
		Release|Any CPU = Release|Any CPU
	EndGlobalSection
	GlobalSection(ProjectConfigurationPlatforms) = postSolution
		{F4EB4AAB-EDC4-4AE7-9D8E-788A2C5BD55B}.Debug|Any CPU.ActiveCfg = Debug|Any CPU
		{F4EB4AAB-EDC4-4AE7-9D8E-788A2C5BD55B}.Debug|Any CPU.Build.0 = Debug|Any CPU
		{F4EB4AAB-EDC4-4AE7-9D8E-788A2C5BD55B}.Release|Any CPU.ActiveCfg = Release|Any CPU
		{F4EB4AAB-EDC4-4AE7-9D8E-788A2C5BD55B}.Release|Any CPU.Build.0 = Release|Any CPU
	EndGlobalSection
	GlobalSection(SolutionProperties) = preSolution
		HideSolutionNode = FALSE
	EndGlobalSection
	GlobalSection(ExtensibilityGlobals) = postSolution
		SolutionGuid = {F768E465-C2CE-4EA7-B893-2A5BC33AFD9C}
	EndGlobalSection
EndGlobal
